<Solution>
  <Folder Name="/src/">
    <Project Path="src/QREU.Application/QREU.Application.csproj" />
    <Project Path="src/QREU.Core/QREU.Core.csproj" />
    <Project Path="src/QREU.Domain/QREU.Domain.csproj" />
    <Project Path="src/QREU.Studio.Web/QREU.Studio.Web.csproj" />
    <Project Path="src/QREU.Writer/QREU.Writer.csproj" />
  </Folder>
  <Folder Name="/tests/">
    <Project Path="tests/QREU.Studio.Tests/QREU.Studio.Tests.csproj" />
    <Project Path="tests/QREU.Tests/QREU.Tests.csproj" />
  </Folder>
</Solution>
